
Microsoft Visual Studio Solution File, Format Version 12.00
# Visual Studio Version 16
VisualStudioVersion = 16.0.30523.141
MinimumVisualStudioVersion = 10.0.40219.1
Project("{FAE04EC0-301F-11D3-BF4B-00C04F79EFBC}") = "CinemaApi", "CinemaApi\CinemaApi.csproj", "{98C95839-51F2-4BBE-8987-42C71FCF2713}"
EndProject
Global
	GlobalSection(SolutionConfigurationPlatforms) = preSolution
		Debug|Any CPU = Debug|Any CPU
		Release|Any CPU = Release|Any CPU
	EndGlobalSection
	GlobalSection(ProjectConfigurationPlatforms) = postSolution
		{98C95839-51F2-4BBE-8987-42C71FCF2713}.Debug|Any CPU.ActiveCfg = Debug|Any CPU
		{98C95839-51F2-4BBE-8987-42C71FCF2713}.Debug|Any CPU.Build.0 = Debug|Any CPU
		{98C95839-51F2-4BBE-8987-42C71FCF2713}.Release|Any CPU.ActiveCfg = Release|Any CPU
		{98C95839-51F2-4BBE-8987-42C71FCF2713}.Release|Any CPU.Build.0 = Release|Any CPU
	EndGlobalSection
	GlobalSection(SolutionProperties) = preSolution
		HideSolutionNode = FALSE
	EndGlobalSection
	GlobalSection(ExtensibilityGlobals) = postSolution
		SolutionGuid = {EFA7DD3E-11F9-42B6-9F74-AB8000CC0AFC}
	EndGlobalSection
EndGlobal
